
Microsoft Visual Studio Solution File, Format Version 12.00
# Visual Studio Version 16
VisualStudioVersion = 16.0.29324.140
MinimumVisualStudioVersion = 10.0.40219.1
Project("{FAE04EC0-301F-11D3-BF4B-00C04F79EFBC}") = "ClassLibrary", "ClassLibrary\ClassLibrary.csproj", "{DD4E72C6-0686-4600-B8F8-6F8678019B34}"
EndProject
Project("{FAE04EC0-301F-11D3-BF4B-00C04F79EFBC}") = "Emlak Form", "Emlak Form\Emlak Form.csproj", "{DBCE235A-4949-4CF8-9F84-1D751BF3FE32}"
EndProject
Global
	GlobalSection(SolutionConfigurationPlatforms) = preSolution
		Debug|Any CPU = Debug|Any CPU
		Release|Any CPU = Release|Any CPU
	EndGlobalSection
	GlobalSection(ProjectConfigurationPlatforms) = postSolution
		{DD4E72C6-0686-4600-B8F8-6F8678019B34}.Debug|Any CPU.ActiveCfg = Debug|Any CPU
		{DD4E72C6-0686-4600-B8F8-6F8678019B34}.Debug|Any CPU.Build.0 = Debug|Any CPU
		{DD4E72C6-0686-4600-B8F8-6F8678019B34}.Release|Any CPU.ActiveCfg = Release|Any CPU
		{DD4E72C6-0686-4600-B8F8-6F8678019B34}.Release|Any CPU.Build.0 = Release|Any CPU
		{DBCE235A-4949-4CF8-9F84-1D751BF3FE32}.Debug|Any CPU.ActiveCfg = Debug|Any CPU
		{DBCE235A-4949-4CF8-9F84-1D751BF3FE32}.Debug|Any CPU.Build.0 = Debug|Any CPU
		{DBCE235A-4949-4CF8-9F84-1D751BF3FE32}.Release|Any CPU.ActiveCfg = Release|Any CPU
		{DBCE235A-4949-4CF8-9F84-1D751BF3FE32}.Release|Any CPU.Build.0 = Release|Any CPU
	EndGlobalSection
	GlobalSection(SolutionProperties) = preSolution
		HideSolutionNode = FALSE
	EndGlobalSection
	GlobalSection(ExtensibilityGlobals) = postSolution
		SolutionGuid = {6A99B7C8-8437-4786-9631-B6B743818BC5}
	EndGlobalSection
EndGlobal
